
Microsoft Visual Studio Solution File, Format Version 12.00
# Visual Studio Version 17
VisualStudioVersion = 17.1.32407.343
MinimumVisualStudioVersion = 10.0.40219.1
Project("{FAE04EC0-301F-11D3-BF4B-00C04F79EFBC}") = "Assignment-2", "Assignment-2\Assignment-2.csproj", "{4C896D6B-AE9F-4C39-AED1-A27FFCF9C40D}"
EndProject
Project("{FAE04EC0-301F-11D3-BF4B-00C04F79EFBC}") = "NLayerData", "NLayerData\NLayerData.csproj", "{572C518F-4741-4DBB-8C73-E7207F601990}"
EndProject
Project("{FAE04EC0-301F-11D3-BF4B-00C04F79EFBC}") = "NLayerService", "ClassLibrary1\NLayerService.csproj", "{A3DEFC76-2CE8-4D77-AF0E-5C59A13EA6BA}"
EndProject
Global
	GlobalSection(SolutionConfigurationPlatforms) = preSolution
		Debug|Any CPU = Debug|Any CPU
		Release|Any CPU = Release|Any CPU
	EndGlobalSection
	GlobalSection(ProjectConfigurationPlatforms) = postSolution
		{4C896D6B-AE9F-4C39-AED1-A27FFCF9C40D}.Debug|Any CPU.ActiveCfg = Debug|Any CPU
		{4C896D6B-AE9F-4C39-AED1-A27FFCF9C40D}.Debug|Any CPU.Build.0 = Debug|Any CPU
		{4C896D6B-AE9F-4C39-AED1-A27FFCF9C40D}.Release|Any CPU.ActiveCfg = Release|Any CPU
		{4C896D6B-AE9F-4C39-AED1-A27FFCF9C40D}.Release|Any CPU.Build.0 = Release|Any CPU
		{572C518F-4741-4DBB-8C73-E7207F601990}.Debug|Any CPU.ActiveCfg = Debug|Any CPU
		{572C518F-4741-4DBB-8C73-E7207F601990}.Debug|Any CPU.Build.0 = Debug|Any CPU
		{572C518F-4741-4DBB-8C73-E7207F601990}.Release|Any CPU.ActiveCfg = Release|Any CPU
		{572C518F-4741-4DBB-8C73-E7207F601990}.Release|Any CPU.Build.0 = Release|Any CPU
		{A3DEFC76-2CE8-4D77-AF0E-5C59A13EA6BA}.Debug|Any CPU.ActiveCfg = Debug|Any CPU
		{A3DEFC76-2CE8-4D77-AF0E-5C59A13EA6BA}.Debug|Any CPU.Build.0 = Debug|Any CPU
		{A3DEFC76-2CE8-4D77-AF0E-5C59A13EA6BA}.Release|Any CPU.ActiveCfg = Release|Any CPU
		{A3DEFC76-2CE8-4D77-AF0E-5C59A13EA6BA}.Release|Any CPU.Build.0 = Release|Any CPU
	EndGlobalSection
	GlobalSection(SolutionProperties) = preSolution
		HideSolutionNode = FALSE
	EndGlobalSection
	GlobalSection(ExtensibilityGlobals) = postSolution
		SolutionGuid = {16CDBDB4-A17B-40D6-AFE3-F18A42D7885B}
	EndGlobalSection
EndGlobal
